
Microsoft Visual Studio Solution File, Format Version 12.00
# Visual Studio Version 16
VisualStudioVersion = 16.0.30709.132
MinimumVisualStudioVersion = 10.0.40219.1
Project("{9A19103F-16F7-4668-BE54-9A1E7A4F7556}") = "Atata.Bootstrap", "src\Atata.Bootstrap\Atata.Bootstrap.csproj", "{AD6D1F54-007E-4C7D-8A2B-4A176CF00484}"
EndProject
Project("{2150E333-8FDC-42A3-9474-1A3956D46DE8}") = "Solution Items", "Solution Items", "{2C505114-4436-4774-AF49-3BCB581EBFE5}"
	ProjectSection(SolutionItems) = preProject
		azure-pipelines.release.yml = azure-pipelines.release.yml
		azure-pipelines.runsettings = azure-pipelines.runsettings
		azure-pipelines.yml = azure-pipelines.yml
		CONTRIBUTING_COMPONENT.md = CONTRIBUTING_COMPONENT.md
		README.md = README.md
	EndProjectSection
EndProject
Project("{9A19103F-16F7-4668-BE54-9A1E7A4F7556}") = "Atata.Bootstrap.TestApp", "test\Atata.Bootstrap.TestApp\Atata.Bootstrap.TestApp.csproj", "{BB08E10A-6381-4B3E-8917-75B6DD04DF38}"
EndProject
Project("{9A19103F-16F7-4668-BE54-9A1E7A4F7556}") = "Atata.Bootstrap.Tests", "test\Atata.Bootstrap.Tests\Atata.Bootstrap.Tests.csproj", "{82FB2B18-B760-4DC2-B66C-B2FAC48BC6A0}"
EndProject
Global
	GlobalSection(SolutionConfigurationPlatforms) = preSolution
		Debug|Any CPU = Debug|Any CPU
		Release|Any CPU = Release|Any CPU
	EndGlobalSection
	GlobalSection(ProjectConfigurationPlatforms) = postSolution
		{AD6D1F54-007E-4C7D-8A2B-4A176CF00484}.Debug|Any CPU.ActiveCfg = Debug|Any CPU
		{AD6D1F54-007E-4C7D-8A2B-4A176CF00484}.Debug|Any CPU.Build.0 = Debug|Any CPU
		{AD6D1F54-007E-4C7D-8A2B-4A176CF00484}.Release|Any CPU.ActiveCfg = Release|Any CPU
		{AD6D1F54-007E-4C7D-8A2B-4A176CF00484}.Release|Any CPU.Build.0 = Release|Any CPU
		{BB08E10A-6381-4B3E-8917-75B6DD04DF38}.Debug|Any CPU.ActiveCfg = Debug|Any CPU
		{BB08E10A-6381-4B3E-8917-75B6DD04DF38}.Debug|Any CPU.Build.0 = Debug|Any CPU
		{BB08E10A-6381-4B3E-8917-75B6DD04DF38}.Release|Any CPU.ActiveCfg = Release|Any CPU
		{BB08E10A-6381-4B3E-8917-75B6DD04DF38}.Release|Any CPU.Build.0 = Release|Any CPU
		{82FB2B18-B760-4DC2-B66C-B2FAC48BC6A0}.Debug|Any CPU.ActiveCfg = Debug|Any CPU
		{82FB2B18-B760-4DC2-B66C-B2FAC48BC6A0}.Debug|Any CPU.Build.0 = Debug|Any CPU
		{82FB2B18-B760-4DC2-B66C-B2FAC48BC6A0}.Release|Any CPU.ActiveCfg = Release|Any CPU
		{82FB2B18-B760-4DC2-B66C-B2FAC48BC6A0}.Release|Any CPU.Build.0 = Release|Any CPU
	EndGlobalSection
	GlobalSection(SolutionProperties) = preSolution
		HideSolutionNode = FALSE
	EndGlobalSection
	GlobalSection(ExtensibilityGlobals) = postSolution
		SolutionGuid = {BD3869AE-F1E8-4050-B86F-EEB6F560FB52}
	EndGlobalSection
EndGlobal
